
Microsoft Visual Studio Solution File, Format Version 12.00
Project("{FAE04EC0-301F-11D3-BF4B-00C04F79EFBC}") = "SquareCalculator", "SquareCalculator\SquareCalculator.csproj", "{909EA6C4-A071-4B54-B4D6-74E71BFD89B0}"
EndProject
Project("{FAE04EC0-301F-11D3-BF4B-00C04F79EFBC}") = "SquareCalculator.Tests", "SquareCalculator.Tests\SquareCalculator.Tests.csproj", "{DF3539D4-0A32-4549-A002-140FCD41291D}"
EndProject
Global
	GlobalSection(SolutionConfigurationPlatforms) = preSolution
		Debug|Any CPU = Debug|Any CPU
		Release|Any CPU = Release|Any CPU
	EndGlobalSection
	GlobalSection(ProjectConfigurationPlatforms) = postSolution
		{909EA6C4-A071-4B54-B4D6-74E71BFD89B0}.Debug|Any CPU.ActiveCfg = Debug|Any CPU
		{909EA6C4-A071-4B54-B4D6-74E71BFD89B0}.Debug|Any CPU.Build.0 = Debug|Any CPU
		{909EA6C4-A071-4B54-B4D6-74E71BFD89B0}.Release|Any CPU.ActiveCfg = Release|Any CPU
		{909EA6C4-A071-4B54-B4D6-74E71BFD89B0}.Release|Any CPU.Build.0 = Release|Any CPU
		{DF3539D4-0A32-4549-A002-140FCD41291D}.Debug|Any CPU.ActiveCfg = Debug|Any CPU
		{DF3539D4-0A32-4549-A002-140FCD41291D}.Debug|Any CPU.Build.0 = Debug|Any CPU
		{DF3539D4-0A32-4549-A002-140FCD41291D}.Release|Any CPU.ActiveCfg = Release|Any CPU
		{DF3539D4-0A32-4549-A002-140FCD41291D}.Release|Any CPU.Build.0 = Release|Any CPU
	EndGlobalSection
EndGlobal
